{
  "name": "kioskprogram",
  "version": "1.0.0",
  "lockfileVersion": 3,
  "requires": true,
  "packages": {
    "": {
      "name": "kioskprogram",
      "version": "1.0.0",
      "license": "ISC",
      "dependencies": {
        "nfc-pcsc": "^0.8.1",
        "smartcard": "^3.7.2"
      }
    },
    "node_modules/@pokusew/pcsclite": {
      "version": "0.6.0",
      "resolved": "https://registry.npmjs.org/@pokusew/pcsclite/-/pcsclite-0.6.0.tgz",
      "integrity": "sha512-jX7zRXM2Or5Pms1AFjNtawsXDjLiZOzOUo7Sf0put7Pnq/EKIR9g0KvTx62HtwdPpVP6hWHGydUTHgIi9PxodQ==",
      "hasInstallScript": true,
      "license": "ISC",
      "dependencies": {
        "bindings": "^1.5.0",
        "nan": "^2.14.0"
      }
    },
    "node_modules/bindings": {
      "version": "1.5.0",
      "resolved": "https://registry.npmjs.org/bindings/-/bindings-1.5.0.tgz",
      "integrity": "sha512-p2q/t/mhvuOj/UeLlV6566GD/guowlr0hHxClI0W9m7MWYkL1F0hLo+0Aexs9HSPCtR1SXQ0TD3MMKrXZajbiQ==",
      "license": "MIT",
      "dependencies": {
        "file-uri-to-path": "1.0.0"
      }
    },
    "node_modules/file-uri-to-path": {
      "version": "1.0.0",
      "resolved": "https://registry.npmjs.org/file-uri-to-path/-/file-uri-to-path-1.0.0.tgz",
      "integrity": "sha512-0Zt+s3L7Vf1biwWZ29aARiVYLx7iMGnEUl9x33fbB/j3jR81u/O2LbqK+Bm1CDSNDKVtJ/YjwY7TUd5SkeLQLw==",
      "license": "MIT"
    },
    "node_modules/nan": {
      "version": "2.27.0",
      "resolved": "https://registry.npmjs.org/nan/-/nan-2.27.0.tgz",
      "integrity": "sha512-hC+0LidcL3XE4rp1C4H54KujgXKzbfyTngZTwBByQxsOxCEKZT0MPQ4hOKUH2jU1OYstqdDH4onyHPDzcV0XdQ==",
      "license": "MIT"
    },
    "node_modules/nfc-pcsc": {
      "version": "0.8.1",
      "resolved": "https://registry.npmjs.org/nfc-pcsc/-/nfc-pcsc-0.8.1.tgz",
      "integrity": "sha512-wEfacG0dwPVZOG/WY28Mk3P4Q+yz6q7LnjpnZvdFddx3iXavEXiGhftRZXBtudr0NrzH1MrGWSkWq77tef7BMA==",
      "license": "MIT",
      "dependencies": {
        "@pokusew/pcsclite": "^0.6.0"
      }
    },
    "node_modules/node-addon-api": {
      "version": "7.1.1",
      "resolved": "https://registry.npmjs.org/node-addon-api/-/node-addon-api-7.1.1.tgz",
      "integrity": "sha512-5m3bsyrjFWE1xf7nz7YXdN4udnVtXK6/Yfgn5qnahL6bCkf2yKt4k3nuTKAtT4r3IG8JNR2ncsIMdZuAzJjHQQ==",
      "license": "MIT"
    },
    "node_modules/smartcard": {
      "version": "3.7.2",
      "resolved": "https://registry.npmjs.org/smartcard/-/smartcard-3.7.2.tgz",
      "integrity": "sha512-V23d1rxC7Y3S7SFpBFL8bZERhFUcQsr1kFtB6pbfnS1/fcZx44RqgA9EUrpICxFEdprrz/igRRbhsUoj5l130w==",
      "hasInstallScript": true,
      "license": "MIT",
      "os": [
        "darwin",
        "linux",
        "win32"
      ],
      "dependencies": {
        "node-addon-api": "^7.0.0"
      },
      "engines": {
        "node": ">=18.0.0"
      }
    }
  }
}
